// !$*UTF8*$!
{
	archiveVersion = 1;
	classes = {
	};
	objectVersion = 50;
	objects = {

/* Begin PBXBuildFile section */
		227C426C2473C55D0073933C /* AppDelegate.swift in Sources */ = {isa = PBXBuildFile; fileRef = 227C426B2473C55D0073933C /* AppDelegate.swift */; };
		227C426E2473C55D0073933C /* SceneDelegate.swift in Sources */ = {isa = PBXBuildFile; fileRef = 227C426D2473C55D0073933C /* SceneDelegate.swift */; };
		227C42722473C5660073933C /* Assets.xcassets in Resources */ = {isa = PBXBuildFile; fileRef = 227C42712473C5660073933C /* Assets.xcassets */; };
		227C42752473C5660073933C /* Preview Assets.xcassets in Resources */ = {isa = PBXBuildFile; fileRef = 227C42742473C5660073933C /* Preview Assets.xcassets */; };
		227C42782473C5660073933C /* LaunchScreen.storyboard in Resources */ = {isa = PBXBuildFile; fileRef = 227C42762473C5660073933C /* LaunchScreen.storyboard */; };
		227C42802473C5CC0073933C /* Kanas.swift in Sources */ = {isa = PBXBuildFile; fileRef = 227C427F2473C5CC0073933C /* Kanas.swift */; };
		227C42822473F3390073933C /* ContentView.swift in Sources */ = {isa = PBXBuildFile; fileRef = 227C42812473F3390073933C /* ContentView.swift */; };
		227C42842474029C0073933C /* CardView.swift in Sources */ = {isa = PBXBuildFile; fileRef = 227C42832474029C0073933C /* CardView.swift */; };
/* End PBXBuildFile section */

/* Begin PBXFileReference section */
		227C42682473C55D0073933C /* Kana Card.app */ = {isa = PBXFileReference; explicitFileType = wrapper.application; includeInIndex = 0; path = "Kana Card.app"; sourceTree = BUILT_PRODUCTS_DIR; };
		227C426B2473C55D0073933C /* AppDelegate.swift */ = {isa = PBXFileReference; lastKnownFileType = sourcecode.swift; path = AppDelegate.swift; sourceTree = "<group>"; };
		227C426D2473C55D0073933C /* SceneDelegate.swift */ = {isa = PBXFileReference; lastKnownFileType = sourcecode.swift; path = SceneDelegate.swift; sourceTree = "<group>"; };
		227C42712473C5660073933C /* Assets.xcassets */ = {isa = PBXFileReference; lastKnownFileType = folder.assetcatalog; path = Assets.xcassets; sourceTree = "<group>"; };
		227C42742473C5660073933C /* Preview Assets.xcassets */ = {isa = PBXFileReference; lastKnownFileType = folder.assetcatalog; path = "Preview Assets.xcassets"; sourceTree = "<group>"; };
		227C42772473C5660073933C /* Base */ = {isa = PBXFileReference; lastKnownFileType = file.storyboard; name = Base; path = Base.lproj/LaunchScreen.storyboard; sourceTree = "<group>"; };
		227C42792473C5660073933C /* Info.plist */ = {isa = PBXFileReference; lastKnownFileType = text.plist.xml; path = Info.plist; sourceTree = "<group>"; };
		227C427F2473C5CC0073933C /* Kanas.swift */ = {isa = PBXFileReference; lastKnownFileType = sourcecode.swift; path = Kanas.swift; sourceTree = "<group>"; };
		227C42812473F3390073933C /* ContentView.swift */ = {isa = PBXFileReference; lastKnownFileType = sourcecode.swift; path = ContentView.swift; sourceTree = "<group>"; };
		227C42832474029C0073933C /* CardView.swift */ = {isa = PBXFileReference; lastKnownFileType = sourcecode.swift; path = CardView.swift; sourceTree = "<group>"; };
/* End PBXFileReference section */

/* Begin PBXFrameworksBuildPhase section */
		227C42652473C55D0073933C /* Frameworks */ = {
			isa = PBXFrameworksBuildPhase;
			buildActionMask = 2147483647;
			files = (
			);
			runOnlyForDeploymentPostprocessing = 0;
		};
/* End PBXFrameworksBuildPhase section */

/* Begin PBXGroup section */
		227C425F2473C55D0073933C = {
			isa = PBXGroup;
			children = (
				227C426A2473C55D0073933C /* Kana Card */,
				227C42692473C55D0073933C /* Products */,
			);
			sourceTree = "<group>";
		};
		227C42692473C55D0073933C /* Products */ = {
			isa = PBXGroup;
			children = (
				227C42682473C55D0073933C /* Kana Card.app */,
			);
			name = Products;
			sourceTree = "<group>";
		};
		227C426A2473C55D0073933C /* Kana Card */ = {
			isa = PBXGroup;
			children = (
				227C426B2473C55D0073933C /* AppDelegate.swift */,
				227C426D2473C55D0073933C /* SceneDelegate.swift */,
				227C42812473F3390073933C /* ContentView.swift */,
				227C42832474029C0073933C /* CardView.swift */,
				227C42712473C5660073933C /* Assets.xcassets */,
				227C42762473C5660073933C /* LaunchScreen.storyboard */,
				227C42792473C5660073933C /* Info.plist */,
				227C42732473C5660073933C /* Preview Content */,
				227C427F2473C5CC0073933C /* Kanas.swift */,
			);
			path = "Kana Card";
			sourceTree = "<group>";
		};
		227C42732473C5660073933C /* Preview Content */ = {
			isa = PBXGroup;
			children = (
				227C42742473C5660073933C /* Preview Assets.xcassets */,
			);
			path = "Preview Content";
			sourceTree = "<group>";
		};
/* End PBXGroup section */

/* Begin PBXNativeTarget section */
		227C42672473C55D0073933C /* Kana Card */ = {
			isa = PBXNativeTarget;
			buildConfigurationList = 227C427C2473C5660073933C /* Build configuration list for PBXNativeTarget "Kana Card" */;
			buildPhases = (
				227C42642473C55D0073933C /* Sources */,
				227C42652473C55D0073933C /* Frameworks */,
				227C42662473C55D0073933C /* Resources */,
			);
			buildRules = (
			);
			dependencies = (
			);
			name = "Kana Card";
			productName = "Kana Card";
			productReference = 227C42682473C55D0073933C /* Kana Card.app */;
			productType = "com.apple.product-type.application";
		};
/* End PBXNativeTarget section */

/* Begin PBXProject section */
		227C42602473C55D0073933C /* Project object */ = {
			isa = PBXProject;
			attributes = {
				LastSwiftUpdateCheck = 1140;
				LastUpgradeCheck = 1140;
				ORGANIZATIONNAME = "Ádám Balogh";
				TargetAttributes = {
					227C42672473C55D0073933C = {
						CreatedOnToolsVersion = 11.4.1;
					};
				};
			};
			buildConfigurationList = 227C42632473C55D0073933C /* Build configuration list for PBXProject "Kana Card" */;
			compatibilityVersion = "Xcode 9.3";
			developmentRegion = en;
			hasScannedForEncodings = 0;
			knownRegions = (
				en,
				Base,
			);
			mainGroup = 227C425F2473C55D0073933C;
			productRefGroup = 227C42692473C55D0073933C /* Products */;
			projectDirPath = "";
			projectRoot = "";
			targets = (
				227C42672473C55D0073933C /* Kana Card */,
			);
		};
/* End PBXProject section */

/* Begin PBXResourcesBuildPhase section */
		227C42662473C55D0073933C /* Resources */ = {
			isa = PBXResourcesBuildPhase;
			buildActionMask = 2147483647;
			files = (
				227C42782473C5660073933C /* LaunchScreen.storyboard in Resources */,
				227C42752473C5660073933C /* Preview Assets.xcassets in Resources */,
				227C42722473C5660073933C /* Assets.xcassets in Resources */,
			);
			runOnlyForDeploymentPostprocessing = 0;
		};
/* End PBXResourcesBuildPhase section */

/* Begin PBXSourcesBuildPhase section */
		227C42642473C55D0073933C /* Sources */ = {
			isa = PBXSourcesBuildPhase;
			buildActionMask = 2147483647;
			files = (
				227C42802473C5CC0073933C /* Kanas.swift in Sources */,
				227C426C2473C55D0073933C /* AppDelegate.swift in Sources */,
				227C42822473F3390073933C /* ContentView.swift in Sources */,
				227C426E2473C55D0073933C /* SceneDelegate.swift in Sources */,
				227C42842474029C0073933C /* CardView.swift in Sources */,
			);
			runOnlyForDeploymentPostprocessing = 0;
		};
/* End PBXSourcesBuildPhase section */

/* Begin PBXVariantGroup section */
		227C42762473C5660073933C /* LaunchScreen.storyboard */ = {
			isa = PBXVariantGroup;
			children = (
				227C42772473C5660073933C /* Base */,
			);
			name = LaunchScreen.storyboard;
			sourceTree = "<group>";
		};
/* End PBXVariantGroup section */

/* Begin XCBuildConfiguration section */
		227C427A2473C5660073933C /* Debug */ = {
			isa = XCBuildConfiguration;
			buildSettings = {
				ALWAYS_SEARCH_USER_PATHS = NO;
				CLANG_ANALYZER_NONNULL = YES;
				CLANG_ANALYZER_NUMBER_OBJECT_CONVERSION = YES_AGGRESSIVE;
				CLANG_CXX_LANGUAGE_STANDARD = "gnu++14";
				CLANG_CXX_LIBRARY = "libc++";
				CLANG_ENABLE_MODULES = YES;
				CLANG_ENABLE_OBJC_ARC = YES;
				CLANG_ENABLE_OBJC_WEAK = YES;
				CLANG_WARN_BLOCK_CAPTURE_AUTORELEASING = YES;
				CLANG_WARN_BOOL_CONVERSION = YES;
				CLANG_WARN_COMMA = YES;
				CLANG_WARN_CONSTANT_CONVERSION = YES;
				CLANG_WARN_DEPRECATED_OBJC_IMPLEMENTATIONS = YES;
				CLANG_WARN_DIRECT_OBJC_ISA_USAGE = YES_ERROR;
				CLANG_WARN_DOCUMENTATION_COMMENTS = YES;
				CLANG_WARN_EMPTY_BODY = YES;
				CLANG_WARN_ENUM_CONVERSION = YES;
				CLANG_WARN_INFINITE_RECURSION = YES;
				CLANG_WARN_INT_CONVERSION = YES;
				CLANG_WARN_NON_LITERAL_NULL_CONVERSION = YES;
				CLANG_WARN_OBJC_IMPLICIT_RETAIN_SELF = YES;
				CLANG_WARN_OBJC_LITERAL_CONVERSION = YES;
				CLANG_WARN_OBJC_ROOT_CLASS = YES_ERROR;
				CLANG_WARN_RANGE_LOOP_ANALYSIS = YES;
				CLANG_WARN_STRICT_PROTOTYPES = YES;
				CLANG_WARN_SUSPICIOUS_MOVE = YES;
				CLANG_WARN_UNGUARDED_AVAILABILITY = YES_AGGRESSIVE;
				CLANG_WARN_UNREACHABLE_CODE = YES;
				CLANG_WARN__DUPLICATE_METHOD_MATCH = YES;
				COPY_PHASE_STRIP = NO;
				DEBUG_INFORMATION_FORMAT = dwarf;
				ENABLE_STRICT_OBJC_MSGSEND = YES;
				ENABLE_TESTABILITY = YES;
				GCC_C_LANGUAGE_STANDARD = gnu11;
				GCC_DYNAMIC_NO_PIC = NO;
				GCC_NO_COMMON_BLOCKS = YES;
				GCC_OPTIMIZATION_LEVEL = 0;
				GCC_PREPROCESSOR_DEFINITIONS = (
					"DEBUG=1",
					"$(inherited)",
				);
				GCC_WARN_64_TO_32_BIT_CONVERSION = YES;
				GCC_WARN_ABOUT_RETURN_TYPE = YES_ERROR;
				GCC_WARN_UNDECLARED_SELECTOR = YES;
				GCC_WARN_UNINITIALIZED_AUTOS = YES_AGGRESSIVE;
				GCC_WARN_UNUSED_FUNCTION = YES;
				GCC_WARN_UNUSED_VARIABLE = YES;
				IPHONEOS_DEPLOYMENT_TARGET = 13.4;
				MTL_ENABLE_DEBUG_INFO = INCLUDE_SOURCE;
				MTL_FAST_MATH = YES;
				ONLY_ACTIVE_ARCH = YES;
				SDKROOT = iphoneos;
				SWIFT_ACTIVE_COMPILATION_CONDITIONS = DEBUG;
				SWIFT_OPTIMIZATION_LEVEL = "-Onone";
			};
			name = Debug;
		};
		227C427B2473C5660073933C /* Release */ = {
			isa = XCBuildConfiguration;
			buildSettings = {
				ALWAYS_SEARCH_USER_PATHS = NO;
				CLANG_ANALYZER_NONNULL = YES;
				CLANG_ANALYZER_NUMBER_OBJECT_CONVERSION = YES_AGGRESSIVE;
				CLANG_CXX_LANGUAGE_STANDARD = "gnu++14";
				CLANG_CXX_LIBRARY = "libc++";
				CLANG_ENABLE_MODULES = YES;
				CLANG_ENABLE_OBJC_ARC = YES;
				CLANG_ENABLE_OBJC_WEAK = YES;
				CLANG_WARN_BLOCK_CAPTURE_AUTORELEASING = YES;
				CLANG_WARN_BOOL_CONVERSION = YES;
				CLANG_WARN_COMMA = YES;
				CLANG_WARN_CONSTANT_CONVERSION = YES;
				CLANG_WARN_DEPRECATED_OBJC_IMPLEMENTATIONS = YES;
				CLANG_WARN_DIRECT_OBJC_ISA_USAGE = YES_ERROR;
				CLANG_WARN_DOCUMENTATION_COMMENTS = YES;
				CLANG_WARN_EMPTY_BODY = YES;
				CLANG_WARN_ENUM_CONVERSION = YES;
				CLANG_WARN_INFINITE_RECURSION = YES;
				CLANG_WARN_INT_CONVERSION = YES;
				CLANG_WARN_NON_LITERAL_NULL_CONVERSION = YES;
				CLANG_WARN_OBJC_IMPLICIT_RETAIN_SELF = YES;
				CLANG_WARN_OBJC_LITERAL_CONVERSION = YES;
				CLANG_WARN_OBJC_ROOT_CLASS = YES_ERROR;
				CLANG_WARN_RANGE_LOOP_ANALYSIS = YES;
				CLANG_WARN_STRICT_PROTOTYPES = YES;
				CLANG_WARN_SUSPICIOUS_MOVE = YES;
				CLANG_WARN_UNGUARDED_AVAILABILITY = YES_AGGRESSIVE;
				CLANG_WARN_UNREACHABLE_CODE = YES;
				CLANG_WARN__DUPLICATE_METHOD_MATCH = YES;
				COPY_PHASE_STRIP = NO;
				DEBUG_INFORMATION_FORMAT = "dwarf-with-dsym";
				ENABLE_NS_ASSERTIONS = NO;
				ENABLE_STRICT_OBJC_MSGSEND = YES;
				GCC_C_LANGUAGE_STANDARD = gnu11;
				GCC_NO_COMMON_BLOCKS = YES;
				GCC_WARN_64_TO_32_BIT_CONVERSION = YES;
				GCC_WARN_ABOUT_RETURN_TYPE = YES_ERROR;
				GCC_WARN_UNDECLARED_SELECTOR = YES;
				GCC_WARN_UNINITIALIZED_AUTOS = YES_AGGRESSIVE;
				GCC_WARN_UNUSED_FUNCTION = YES;
				GCC_WARN_UNUSED_VARIABLE = YES;
				IPHONEOS_DEPLOYMENT_TARGET = 13.4;
				MTL_ENABLE_DEBUG_INFO = NO;
				MTL_FAST_MATH = YES;
				SDKROOT = iphoneos;
				SWIFT_COMPILATION_MODE = wholemodule;
				SWIFT_OPTIMIZATION_LEVEL = "-O";
				VALIDATE_PRODUCT = YES;
			};
			name = Release;
		};
		227C427D2473C5660073933C /* Debug */ = {
			isa = XCBuildConfiguration;
			buildSettings = {
				ASSETCATALOG_COMPILER_APPICON_NAME = AppIcon;
				CODE_SIGN_STYLE = Automatic;
				DEVELOPMENT_ASSET_PATHS = "\"Kana Card/Preview Content\"";
				DEVELOPMENT_TEAM = 23HZK7EWCN;
				ENABLE_PREVIEWS = YES;
				INFOPLIST_FILE = "Kana Card/Info.plist";
				LD_RUNPATH_SEARCH_PATHS = (
					"$(inherited)",
					"@executable_path/Frameworks",
				);
				PRODUCT_BUNDLE_IDENTIFIER = "borntobegeek.Kana-Card";
				PRODUCT_NAME = "$(TARGET_NAME)";
				SWIFT_VERSION = 5.0;
				TARGETED_DEVICE_FAMILY = 1;
			};
			name = Debug;
		};
		227C427E2473C5660073933C /* Release */ = {
			isa = XCBuildConfiguration;
			buildSettings = {
				ASSETCATALOG_COMPILER_APPICON_NAME = AppIcon;
				CODE_SIGN_STYLE = Automatic;
				DEVELOPMENT_ASSET_PATHS = "\"Kana Card/Preview Content\"";
				DEVELOPMENT_TEAM = 23HZK7EWCN;
				ENABLE_PREVIEWS = YES;
				INFOPLIST_FILE = "Kana Card/Info.plist";
				LD_RUNPATH_SEARCH_PATHS = (
					"$(inherited)",
					"@executable_path/Frameworks",
				);
				PRODUCT_BUNDLE_IDENTIFIER = "borntobegeek.Kana-Card";
				PRODUCT_NAME = "$(TARGET_NAME)";
				SWIFT_VERSION = 5.0;
				TARGETED_DEVICE_FAMILY = 1;
			};
			name = Release;
		};
/* End XCBuildConfiguration section */

/* Begin XCConfigurationList section */
		227C42632473C55D0073933C /* Build configuration list for PBXProject "Kana Card" */ = {
			isa = XCConfigurationList;
			buildConfigurations = (
				227C427A2473C5660073933C /* Debug */,
				227C427B2473C5660073933C /* Release */,
			);
			defaultConfigurationIsVisible = 0;
			defaultConfigurationName = Release;
		};
		227C427C2473C5660073933C /* Build configuration list for PBXNativeTarget "Kana Card" */ = {
			isa = XCConfigurationList;
			buildConfigurations = (
				227C427D2473C5660073933C /* Debug */,
				227C427E2473C5660073933C /* Release */,
			);
			defaultConfigurationIsVisible = 0;
			defaultConfigurationName = Release;
		};
/* End XCConfigurationList section */
	};
	rootObject = 227C42602473C55D0073933C /* Project object */;
}
